// !$*UTF8*$!
{
	archiveVersion = 1;
	classes = {
	};
	objectVersion = 51;
	objects = {

/* Begin PBXBuildFile section */
		1D673B826F2B444F8AEF9240 /* Pods_ParstagramTests.framework in Frameworks */ = {isa = PBXBuildFile; fileRef = 5788130250C6B013F8B5C08C /* Pods_ParstagramTests.framework */; };
		97DF6C6DC7F7C3DC90CE9FBB /* Pods_Parstagram_ParstagramUITests.framework in Frameworks */ = {isa = PBXBuildFile; fileRef = 499F1F7D5FF70B296A678387 /* Pods_Parstagram_ParstagramUITests.framework */; };
		E806FBA22645BE79007686F1 /* AppDelegate.swift in Sources */ = {isa = PBXBuildFile; fileRef = E806FBA12645BE79007686F1 /* AppDelegate.swift */; };
		E806FBA42645BE79007686F1 /* SceneDelegate.swift in Sources */ = {isa = PBXBuildFile; fileRef = E806FBA32645BE79007686F1 /* SceneDelegate.swift */; };
		E806FBA92645BE79007686F1 /* Main.storyboard in Resources */ = {isa = PBXBuildFile; fileRef = E806FBA72645BE79007686F1 /* Main.storyboard */; };
		E806FBAB2645BE7B007686F1 /* Assets.xcassets in Resources */ = {isa = PBXBuildFile; fileRef = E806FBAA2645BE7B007686F1 /* Assets.xcassets */; };
		E806FBAE2645BE7B007686F1 /* LaunchScreen.storyboard in Resources */ = {isa = PBXBuildFile; fileRef = E806FBAC2645BE7B007686F1 /* LaunchScreen.storyboard */; };
		E806FBB92645BE7C007686F1 /* ParstagramTests.swift in Sources */ = {isa = PBXBuildFile; fileRef = E806FBB82645BE7C007686F1 /* ParstagramTests.swift */; };
		E806FBC42645BE7C007686F1 /* ParstagramUITests.swift in Sources */ = {isa = PBXBuildFile; fileRef = E806FBC32645BE7C007686F1 /* ParstagramUITests.swift */; };
		E806FBE62645C636007686F1 /* LoginViewController.swift in Sources */ = {isa = PBXBuildFile; fileRef = E806FBE52645C636007686F1 /* LoginViewController.swift */; };
		E806FBEB2645C64D007686F1 /* FeedViewController.swift in Sources */ = {isa = PBXBuildFile; fileRef = E806FBEA2645C64D007686F1 /* FeedViewController.swift */; };
		E806FBF02645C74E007686F1 /* instagram_assets in Resources */ = {isa = PBXBuildFile; fileRef = E806FBEF2645C74E007686F1 /* instagram_assets */; };
		E806FC192645DAF1007686F1 /* CameraViewController.swift in Sources */ = {isa = PBXBuildFile; fileRef = E806FC182645DAF1007686F1 /* CameraViewController.swift */; };
		E8BD6F2426461B0A00D5D27A /* PostCell.swift in Sources */ = {isa = PBXBuildFile; fileRef = E8BD6F2326461B0A00D5D27A /* PostCell.swift */; };
		EC9D219438893CB3F5EC3404 /* Pods_Parstagram.framework in Frameworks */ = {isa = PBXBuildFile; fileRef = F940E4EE872F4248C901CA13 /* Pods_Parstagram.framework */; };
/* End PBXBuildFile section */

/* Begin PBXContainerItemProxy section */
		E806FBB52645BE7C007686F1 /* PBXContainerItemProxy */ = {
			isa = PBXContainerItemProxy;
			containerPortal = E806FB962645BE79007686F1 /* Project object */;
			proxyType = 1;
			remoteGlobalIDString = E806FB9D2645BE79007686F1;
			remoteInfo = Parstagram;
		};
		E806FBC02645BE7C007686F1 /* PBXContainerItemProxy */ = {
			isa = PBXContainerItemProxy;
			containerPortal = E806FB962645BE79007686F1 /* Project object */;
			proxyType = 1;
			remoteGlobalIDString = E806FB9D2645BE79007686F1;
			remoteInfo = Parstagram;
		};
/* End PBXContainerItemProxy section */

/* Begin PBXFileReference section */
		340152C807F848992F80EE1D /* Pods-Parstagram.release.xcconfig */ = {isa = PBXFileReference; includeInIndex = 1; lastKnownFileType = text.xcconfig; name = "Pods-Parstagram.release.xcconfig"; path = "Target Support Files/Pods-Parstagram/Pods-Parstagram.release.xcconfig"; sourceTree = "<group>"; };
		3F7A4960E48A3CACD51F5F0F /* Pods-Parstagram-ParstagramUITests.debug.xcconfig */ = {isa = PBXFileReference; includeInIndex = 1; lastKnownFileType = text.xcconfig; name = "Pods-Parstagram-ParstagramUITests.debug.xcconfig"; path = "Target Support Files/Pods-Parstagram-ParstagramUITests/Pods-Parstagram-ParstagramUITests.debug.xcconfig"; sourceTree = "<group>"; };
		499F1F7D5FF70B296A678387 /* Pods_Parstagram_ParstagramUITests.framework */ = {isa = PBXFileReference; explicitFileType = wrapper.framework; includeInIndex = 0; path = Pods_Parstagram_ParstagramUITests.framework; sourceTree = BUILT_PRODUCTS_DIR; };
		4C650E5F7F8431A90EB2780C /* Pods-ParstagramTests.debug.xcconfig */ = {isa = PBXFileReference; includeInIndex = 1; lastKnownFileType = text.xcconfig; name = "Pods-ParstagramTests.debug.xcconfig"; path = "Target Support Files/Pods-ParstagramTests/Pods-ParstagramTests.debug.xcconfig"; sourceTree = "<group>"; };
		4D82730730F72774406C4DDC /* Pods-Parstagram-ParstagramUITests.release.xcconfig */ = {isa = PBXFileReference; includeInIndex = 1; lastKnownFileType = text.xcconfig; name = "Pods-Parstagram-ParstagramUITests.release.xcconfig"; path = "Target Support Files/Pods-Parstagram-ParstagramUITests/Pods-Parstagram-ParstagramUITests.release.xcconfig"; sourceTree = "<group>"; };
		5788130250C6B013F8B5C08C /* Pods_ParstagramTests.framework */ = {isa = PBXFileReference; explicitFileType = wrapper.framework; includeInIndex = 0; path = Pods_ParstagramTests.framework; sourceTree = BUILT_PRODUCTS_DIR; };
		90BA92C16E67C3FCCA97DFD8 /* Pods-ParstagramTests.release.xcconfig */ = {isa = PBXFileReference; includeInIndex = 1; lastKnownFileType = text.xcconfig; name = "Pods-ParstagramTests.release.xcconfig"; path = "Target Support Files/Pods-ParstagramTests/Pods-ParstagramTests.release.xcconfig"; sourceTree = "<group>"; };
		E806FB9E2645BE79007686F1 /* Parstagram.app */ = {isa = PBXFileReference; explicitFileType = wrapper.application; includeInIndex = 0; path = Parstagram.app; sourceTree = BUILT_PRODUCTS_DIR; };
		E806FBA12645BE79007686F1 /* AppDelegate.swift */ = {isa = PBXFileReference; lastKnownFileType = sourcecode.swift; path = AppDelegate.swift; sourceTree = "<group>"; };
		E806FBA32645BE79007686F1 /* SceneDelegate.swift */ = {isa = PBXFileReference; lastKnownFileType = sourcecode.swift; path = SceneDelegate.swift; sourceTree = "<group>"; };
		E806FBA82645BE79007686F1 /* Base */ = {isa = PBXFileReference; lastKnownFileType = file.storyboard; name = Base; path = Base.lproj/Main.storyboard; sourceTree = "<group>"; };
		E806FBAA2645BE7B007686F1 /* Assets.xcassets */ = {isa = PBXFileReference; lastKnownFileType = folder.assetcatalog; path = Assets.xcassets; sourceTree = "<group>"; };
		E806FBAD2645BE7B007686F1 /* Base */ = {isa = PBXFileReference; lastKnownFileType = file.storyboard; name = Base; path = Base.lproj/LaunchScreen.storyboard; sourceTree = "<group>"; };
		E806FBAF2645BE7B007686F1 /* Info.plist */ = {isa = PBXFileReference; lastKnownFileType = text.plist.xml; path = Info.plist; sourceTree = "<group>"; };
		E806FBB42645BE7C007686F1 /* ParstagramTests.xctest */ = {isa = PBXFileReference; explicitFileType = wrapper.cfbundle; includeInIndex = 0; path = ParstagramTests.xctest; sourceTree = BUILT_PRODUCTS_DIR; };
		E806FBB82645BE7C007686F1 /* ParstagramTests.swift */ = {isa = PBXFileReference; lastKnownFileType = sourcecode.swift; path = ParstagramTests.swift; sourceTree = "<group>"; };
		E806FBBA2645BE7C007686F1 /* Info.plist */ = {isa = PBXFileReference; lastKnownFileType = text.plist.xml; path = Info.plist; sourceTree = "<group>"; };
		E806FBBF2645BE7C007686F1 /* ParstagramUITests.xctest */ = {isa = PBXFileReference; explicitFileType = wrapper.cfbundle; includeInIndex = 0; path = ParstagramUITests.xctest; sourceTree = BUILT_PRODUCTS_DIR; };
		E806FBC32645BE7C007686F1 /* ParstagramUITests.swift */ = {isa = PBXFileReference; lastKnownFileType = sourcecode.swift; path = ParstagramUITests.swift; sourceTree = "<group>"; };
		E806FBC52645BE7C007686F1 /* Info.plist */ = {isa = PBXFileReference; lastKnownFileType = text.plist.xml; path = Info.plist; sourceTree = "<group>"; };
		E806FBE52645C636007686F1 /* LoginViewController.swift */ = {isa = PBXFileReference; lastKnownFileType = sourcecode.swift; path = LoginViewController.swift; sourceTree = "<group>"; };
		E806FBEA2645C64D007686F1 /* FeedViewController.swift */ = {isa = PBXFileReference; lastKnownFileType = sourcecode.swift; path = FeedViewController.swift; sourceTree = "<group>"; };
		E806FBEF2645C74E007686F1 /* instagram_assets */ = {isa = PBXFileReference; lastKnownFileType = folder; name = instagram_assets; path = ../../instagram_assets; sourceTree = "<group>"; };
		E806FC182645DAF1007686F1 /* CameraViewController.swift */ = {isa = PBXFileReference; lastKnownFileType = sourcecode.swift; path = CameraViewController.swift; sourceTree = "<group>"; };
		E8BD6F2326461B0A00D5D27A /* PostCell.swift */ = {isa = PBXFileReference; lastKnownFileType = sourcecode.swift; path = PostCell.swift; sourceTree = "<group>"; };
		F940E4EE872F4248C901CA13 /* Pods_Parstagram.framework */ = {isa = PBXFileReference; explicitFileType = wrapper.framework; includeInIndex = 0; path = Pods_Parstagram.framework; sourceTree = BUILT_PRODUCTS_DIR; };
		FD8CCF5CC062A08CABDBA50E /* Pods-Parstagram.debug.xcconfig */ = {isa = PBXFileReference; includeInIndex = 1; lastKnownFileType = text.xcconfig; name = "Pods-Parstagram.debug.xcconfig"; path = "Target Support Files/Pods-Parstagram/Pods-Parstagram.debug.xcconfig"; sourceTree = "<group>"; };
/* End PBXFileReference section */

/* Begin PBXFrameworksBuildPhase section */
		E806FB9B2645BE79007686F1 /* Frameworks */ = {
			isa = PBXFrameworksBuildPhase;
			buildActionMask = 2147483647;
			files = (
				EC9D219438893CB3F5EC3404 /* Pods_Parstagram.framework in Frameworks */,
			);
			runOnlyForDeploymentPostprocessing = 0;
		};
		E806FBB12645BE7C007686F1 /* Frameworks */ = {
			isa = PBXFrameworksBuildPhase;
			buildActionMask = 2147483647;
			files = (
				1D673B826F2B444F8AEF9240 /* Pods_ParstagramTests.framework in Frameworks */,
			);
			runOnlyForDeploymentPostprocessing = 0;
		};
		E806FBBC2645BE7C007686F1 /* Frameworks */ = {
			isa = PBXFrameworksBuildPhase;
			buildActionMask = 2147483647;
			files = (
				97DF6C6DC7F7C3DC90CE9FBB /* Pods_Parstagram_ParstagramUITests.framework in Frameworks */,
			);
			runOnlyForDeploymentPostprocessing = 0;
		};
/* End PBXFrameworksBuildPhase section */

/* Begin PBXGroup section */
		962B5A5434A704B07355CB52 /* Frameworks */ = {
			isa = PBXGroup;
			children = (
				F940E4EE872F4248C901CA13 /* Pods_Parstagram.framework */,
				499F1F7D5FF70B296A678387 /* Pods_Parstagram_ParstagramUITests.framework */,
				5788130250C6B013F8B5C08C /* Pods_ParstagramTests.framework */,
			);
			name = Frameworks;
			sourceTree = "<group>";
		};
		D93CB68C80FAD6B0869DA326 /* Pods */ = {
			isa = PBXGroup;
			children = (
				FD8CCF5CC062A08CABDBA50E /* Pods-Parstagram.debug.xcconfig */,
				340152C807F848992F80EE1D /* Pods-Parstagram.release.xcconfig */,
				3F7A4960E48A3CACD51F5F0F /* Pods-Parstagram-ParstagramUITests.debug.xcconfig */,
				4D82730730F72774406C4DDC /* Pods-Parstagram-ParstagramUITests.release.xcconfig */,
				4C650E5F7F8431A90EB2780C /* Pods-ParstagramTests.debug.xcconfig */,
				90BA92C16E67C3FCCA97DFD8 /* Pods-ParstagramTests.release.xcconfig */,
			);
			path = Pods;
			sourceTree = "<group>";
		};
		E806FB952645BE79007686F1 = {
			isa = PBXGroup;
			children = (
				E806FBA02645BE79007686F1 /* Parstagram */,
				E806FBB72645BE7C007686F1 /* ParstagramTests */,
				E806FBC22645BE7C007686F1 /* ParstagramUITests */,
				E806FB9F2645BE79007686F1 /* Products */,
				D93CB68C80FAD6B0869DA326 /* Pods */,
				962B5A5434A704B07355CB52 /* Frameworks */,
			);
			sourceTree = "<group>";
		};
		E806FB9F2645BE79007686F1 /* Products */ = {
			isa = PBXGroup;
			children = (
				E806FB9E2645BE79007686F1 /* Parstagram.app */,
				E806FBB42645BE7C007686F1 /* ParstagramTests.xctest */,
				E806FBBF2645BE7C007686F1 /* ParstagramUITests.xctest */,
			);
			name = Products;
			sourceTree = "<group>";
		};
		E806FBA02645BE79007686F1 /* Parstagram */ = {
			isa = PBXGroup;
			children = (
				E806FBA12645BE79007686F1 /* AppDelegate.swift */,
				E806FBA32645BE79007686F1 /* SceneDelegate.swift */,
				E806FBA72645BE79007686F1 /* Main.storyboard */,
				E806FBAA2645BE7B007686F1 /* Assets.xcassets */,
				E806FBAC2645BE7B007686F1 /* LaunchScreen.storyboard */,
				E806FBEF2645C74E007686F1 /* instagram_assets */,
				E806FBAF2645BE7B007686F1 /* Info.plist */,
				E806FBE52645C636007686F1 /* LoginViewController.swift */,
				E806FBEA2645C64D007686F1 /* FeedViewController.swift */,
				E806FC182645DAF1007686F1 /* CameraViewController.swift */,
				E8BD6F2326461B0A00D5D27A /* PostCell.swift */,
			);
			path = Parstagram;
			sourceTree = "<group>";
		};
		E806FBB72645BE7C007686F1 /* ParstagramTests */ = {
			isa = PBXGroup;
			children = (
				E806FBB82645BE7C007686F1 /* ParstagramTests.swift */,
				E806FBBA2645BE7C007686F1 /* Info.plist */,
			);
			path = ParstagramTests;
			sourceTree = "<group>";
		};
		E806FBC22645BE7C007686F1 /* ParstagramUITests */ = {
			isa = PBXGroup;
			children = (
				E806FBC32645BE7C007686F1 /* ParstagramUITests.swift */,
				E806FBC52645BE7C007686F1 /* Info.plist */,
			);
			path = ParstagramUITests;
			sourceTree = "<group>";
		};
/* End PBXGroup section */

/* Begin PBXNativeTarget section */
		E806FB9D2645BE79007686F1 /* Parstagram */ = {
			isa = PBXNativeTarget;
			buildConfigurationList = E806FBC82645BE7C007686F1 /* Build configuration list for PBXNativeTarget "Parstagram" */;
			buildPhases = (
				DB6C5C3DAC094A96F21B9386 /* [CP] Check Pods Manifest.lock */,
				E806FB9A2645BE79007686F1 /* Sources */,
				E806FB9B2645BE79007686F1 /* Frameworks */,
				E806FB9C2645BE79007686F1 /* Resources */,
				638241AABD9CE22DF523B3B0 /* [CP] Embed Pods Frameworks */,
			);
			buildRules = (
			);
			dependencies = (
			);
			name = Parstagram;
			productName = Parstagram;
			productReference = E806FB9E2645BE79007686F1 /* Parstagram.app */;
			productType = "com.apple.product-type.application";
		};
		E806FBB32645BE7C007686F1 /* ParstagramTests */ = {
			isa = PBXNativeTarget;
			buildConfigurationList = E806FBCB2645BE7C007686F1 /* Build configuration list for PBXNativeTarget "ParstagramTests" */;
			buildPhases = (
				43E76E598ED77B384F4AC82C /* [CP] Check Pods Manifest.lock */,
				E806FBB02645BE7C007686F1 /* Sources */,
				E806FBB12645BE7C007686F1 /* Frameworks */,
				E806FBB22645BE7C007686F1 /* Resources */,
			);
			buildRules = (
			);
			dependencies = (
				E806FBB62645BE7C007686F1 /* PBXTargetDependency */,
			);
			name = ParstagramTests;
			productName = ParstagramTests;
			productReference = E806FBB42645BE7C007686F1 /* ParstagramTests.xctest */;
			productType = "com.apple.product-type.bundle.unit-test";
		};
		E806FBBE2645BE7C007686F1 /* ParstagramUITests */ = {
			isa = PBXNativeTarget;
			buildConfigurationList = E806FBCE2645BE7C007686F1 /* Build configuration list for PBXNativeTarget "ParstagramUITests" */;
			buildPhases = (
				DC3CDCBF58BF23B3C7E0416F /* [CP] Check Pods Manifest.lock */,
				E806FBBB2645BE7C007686F1 /* Sources */,
				E806FBBC2645BE7C007686F1 /* Frameworks */,
				E806FBBD2645BE7C007686F1 /* Resources */,
				CC99DBCB5138D051D7F0A81C /* [CP] Embed Pods Frameworks */,
			);
			buildRules = (
			);
			dependencies = (
				E806FBC12645BE7C007686F1 /* PBXTargetDependency */,
			);
			name = ParstagramUITests;
			productName = ParstagramUITests;
			productReference = E806FBBF2645BE7C007686F1 /* ParstagramUITests.xctest */;
			productType = "com.apple.product-type.bundle.ui-testing";
		};
/* End PBXNativeTarget section */

/* Begin PBXProject section */
		E806FB962645BE79007686F1 /* Project object */ = {
			isa = PBXProject;
			attributes = {
				LastSwiftUpdateCheck = 1240;
				LastUpgradeCheck = 1240;
				TargetAttributes = {
					E806FB9D2645BE79007686F1 = {
						CreatedOnToolsVersion = 12.4;
					};
					E806FBB32645BE7C007686F1 = {
						CreatedOnToolsVersion = 12.4;
						TestTargetID = E806FB9D2645BE79007686F1;
					};
					E806FBBE2645BE7C007686F1 = {
						CreatedOnToolsVersion = 12.4;
						TestTargetID = E806FB9D2645BE79007686F1;
					};
				};
			};
			buildConfigurationList = E806FB992645BE79007686F1 /* Build configuration list for PBXProject "Parstagram" */;
			compatibilityVersion = "Xcode 9.3";
			developmentRegion = en;
			hasScannedForEncodings = 0;
			knownRegions = (
				en,
				Base,
			);
			mainGroup = E806FB952645BE79007686F1;
			productRefGroup = E806FB9F2645BE79007686F1 /* Products */;
			projectDirPath = "";
			projectRoot = "";
			targets = (
				E806FB9D2645BE79007686F1 /* Parstagram */,
				E806FBB32645BE7C007686F1 /* ParstagramTests */,
				E806FBBE2645BE7C007686F1 /* ParstagramUITests */,
			);
		};
/* End PBXProject section */

/* Begin PBXResourcesBuildPhase section */
		E806FB9C2645BE79007686F1 /* Resources */ = {
			isa = PBXResourcesBuildPhase;
			buildActionMask = 2147483647;
			files = (
				E806FBF02645C74E007686F1 /* instagram_assets in Resources */,
				E806FBAE2645BE7B007686F1 /* LaunchScreen.storyboard in Resources */,
				E806FBAB2645BE7B007686F1 /* Assets.xcassets in Resources */,
				E806FBA92645BE79007686F1 /* Main.storyboard in Resources */,
			);
			runOnlyForDeploymentPostprocessing = 0;
		};
		E806FBB22645BE7C007686F1 /* Resources */ = {
			isa = PBXResourcesBuildPhase;
			buildActionMask = 2147483647;
			files = (
			);
			runOnlyForDeploymentPostprocessing = 0;
		};
		E806FBBD2645BE7C007686F1 /* Resources */ = {
			isa = PBXResourcesBuildPhase;
			buildActionMask = 2147483647;
			files = (
			);
			runOnlyForDeploymentPostprocessing = 0;
		};
/* End PBXResourcesBuildPhase section */

/* Begin PBXShellScriptBuildPhase section */
		43E76E598ED77B384F4AC82C /* [CP] Check Pods Manifest.lock */ = {
			isa = PBXShellScriptBuildPhase;
			buildActionMask = 2147483647;
			files = (
			);
			inputFileListPaths = (
			);
			inputPaths = (
				"${PODS_PODFILE_DIR_PATH}/Podfile.lock",
				"${PODS_ROOT}/Manifest.lock",
			);
			name = "[CP] Check Pods Manifest.lock";
			outputFileListPaths = (
			);
			outputPaths = (
				"$(DERIVED_FILE_DIR)/Pods-ParstagramTests-checkManifestLockResult.txt",
			);
			runOnlyForDeploymentPostprocessing = 0;
			shellPath = /bin/sh;
			shellScript = "diff \"${PODS_PODFILE_DIR_PATH}/Podfile.lock\" \"${PODS_ROOT}/Manifest.lock\" > /dev/null\nif [ $? != 0 ] ; then\n    # print error to STDERR\n    echo \"error: The sandbox is not in sync with the Podfile.lock. Run 'pod install' or update your CocoaPods installation.\" >&2\n    exit 1\nfi\n# This output is used by Xcode 'outputs' to avoid re-running this script phase.\necho \"SUCCESS\" > \"${SCRIPT_OUTPUT_FILE_0}\"\n";
			showEnvVarsInLog = 0;
		};
		638241AABD9CE22DF523B3B0 /* [CP] Embed Pods Frameworks */ = {
			isa = PBXShellScriptBuildPhase;
			buildActionMask = 2147483647;
			files = (
			);
			inputFileListPaths = (
				"${PODS_ROOT}/Target Support Files/Pods-Parstagram/Pods-Parstagram-frameworks-${CONFIGURATION}-input-files.xcfilelist",
			);
			name = "[CP] Embed Pods Frameworks";
			outputFileListPaths = (
				"${PODS_ROOT}/Target Support Files/Pods-Parstagram/Pods-Parstagram-frameworks-${CONFIGURATION}-output-files.xcfilelist",
			);
			runOnlyForDeploymentPostprocessing = 0;
			shellPath = /bin/sh;
			shellScript = "\"${PODS_ROOT}/Target Support Files/Pods-Parstagram/Pods-Parstagram-frameworks.sh\"\n";
			showEnvVarsInLog = 0;
		};
		CC99DBCB5138D051D7F0A81C /* [CP] Embed Pods Frameworks */ = {
			isa = PBXShellScriptBuildPhase;
			buildActionMask = 2147483647;
			files = (
			);
			inputFileListPaths = (
				"${PODS_ROOT}/Target Support Files/Pods-Parstagram-ParstagramUITests/Pods-Parstagram-ParstagramUITests-frameworks-${CONFIGURATION}-input-files.xcfilelist",
			);
			name = "[CP] Embed Pods Frameworks";
			outputFileListPaths = (
				"${PODS_ROOT}/Target Support Files/Pods-Parstagram-ParstagramUITests/Pods-Parstagram-ParstagramUITests-frameworks-${CONFIGURATION}-output-files.xcfilelist",
			);
			runOnlyForDeploymentPostprocessing = 0;
			shellPath = /bin/sh;
			shellScript = "\"${PODS_ROOT}/Target Support Files/Pods-Parstagram-ParstagramUITests/Pods-Parstagram-ParstagramUITests-frameworks.sh\"\n";
			showEnvVarsInLog = 0;
		};
		DB6C5C3DAC094A96F21B9386 /* [CP] Check Pods Manifest.lock */ = {
			isa = PBXShellScriptBuildPhase;
			buildActionMask = 2147483647;
			files = (
			);
			inputFileListPaths = (
			);
			inputPaths = (
				"${PODS_PODFILE_DIR_PATH}/Podfile.lock",
				"${PODS_ROOT}/Manifest.lock",
			);
			name = "[CP] Check Pods Manifest.lock";
			outputFileListPaths = (
			);
			outputPaths = (
				"$(DERIVED_FILE_DIR)/Pods-Parstagram-checkManifestLockResult.txt",
			);
			runOnlyForDeploymentPostprocessing = 0;
			shellPath = /bin/sh;
			shellScript = "diff \"${PODS_PODFILE_DIR_PATH}/Podfile.lock\" \"${PODS_ROOT}/Manifest.lock\" > /dev/null\nif [ $? != 0 ] ; then\n    # print error to STDERR\n    echo \"error: The sandbox is not in sync with the Podfile.lock. Run 'pod install' or update your CocoaPods installation.\" >&2\n    exit 1\nfi\n# This output is used by Xcode 'outputs' to avoid re-running this script phase.\necho \"SUCCESS\" > \"${SCRIPT_OUTPUT_FILE_0}\"\n";
			showEnvVarsInLog = 0;
		};
		DC3CDCBF58BF23B3C7E0416F /* [CP] Check Pods Manifest.lock */ = {
			isa = PBXShellScriptBuildPhase;
			buildActionMask = 2147483647;
			files = (
			);
			inputFileListPaths = (
			);
			inputPaths = (
				"${PODS_PODFILE_DIR_PATH}/Podfile.lock",
				"${PODS_ROOT}/Manifest.lock",
			);
			name = "[CP] Check Pods Manifest.lock";
			outputFileListPaths = (
			);
			outputPaths = (
				"$(DERIVED_FILE_DIR)/Pods-Parstagram-ParstagramUITests-checkManifestLockResult.txt",
			);
			runOnlyForDeploymentPostprocessing = 0;
			shellPath = /bin/sh;
			shellScript = "diff \"${PODS_PODFILE_DIR_PATH}/Podfile.lock\" \"${PODS_ROOT}/Manifest.lock\" > /dev/null\nif [ $? != 0 ] ; then\n    # print error to STDERR\n    echo \"error: The sandbox is not in sync with the Podfile.lock. Run 'pod install' or update your CocoaPods installation.\" >&2\n    exit 1\nfi\n# This output is used by Xcode 'outputs' to avoid re-running this script phase.\necho \"SUCCESS\" > \"${SCRIPT_OUTPUT_FILE_0}\"\n";
			showEnvVarsInLog = 0;
		};
/* End PBXShellScriptBuildPhase section */

/* Begin PBXSourcesBuildPhase section */
		E806FB9A2645BE79007686F1 /* Sources */ = {
			isa = PBXSourcesBuildPhase;
			buildActionMask = 2147483647;
			files = (
				E806FBE62645C636007686F1 /* LoginViewController.swift in Sources */,
				E806FC192645DAF1007686F1 /* CameraViewController.swift in Sources */,
				E806FBA22645BE79007686F1 /* AppDelegate.swift in Sources */,
				E806FBEB2645C64D007686F1 /* FeedViewController.swift in Sources */,
				E806FBA42645BE79007686F1 /* SceneDelegate.swift in Sources */,
				E8BD6F2426461B0A00D5D27A /* PostCell.swift in Sources */,
			);
			runOnlyForDeploymentPostprocessing = 0;
		};
		E806FBB02645BE7C007686F1 /* Sources */ = {
			isa = PBXSourcesBuildPhase;
			buildActionMask = 2147483647;
			files = (
				E806FBB92645BE7C007686F1 /* ParstagramTests.swift in Sources */,
			);
			runOnlyForDeploymentPostprocessing = 0;
		};
		E806FBBB2645BE7C007686F1 /* Sources */ = {
			isa = PBXSourcesBuildPhase;
			buildActionMask = 2147483647;
			files = (
				E806FBC42645BE7C007686F1 /* ParstagramUITests.swift in Sources */,
			);
			runOnlyForDeploymentPostprocessing = 0;
		};
/* End PBXSourcesBuildPhase section */

/* Begin PBXTargetDependency section */
		E806FBB62645BE7C007686F1 /* PBXTargetDependency */ = {
			isa = PBXTargetDependency;
			target = E806FB9D2645BE79007686F1 /* Parstagram */;
			targetProxy = E806FBB52645BE7C007686F1 /* PBXContainerItemProxy */;
		};
		E806FBC12645BE7C007686F1 /* PBXTargetDependency */ = {
			isa = PBXTargetDependency;
			target = E806FB9D2645BE79007686F1 /* Parstagram */;
			targetProxy = E806FBC02645BE7C007686F1 /* PBXContainerItemProxy */;
		};
/* End PBXTargetDependency section */

/* Begin PBXVariantGroup section */
		E806FBA72645BE79007686F1 /* Main.storyboard */ = {
			isa = PBXVariantGroup;
			children = (
				E806FBA82645BE79007686F1 /* Base */,
			);
			name = Main.storyboard;
			sourceTree = "<group>";
		};
		E806FBAC2645BE7B007686F1 /* LaunchScreen.storyboard */ = {
			isa = PBXVariantGroup;
			children = (
				E806FBAD2645BE7B007686F1 /* Base */,
			);
			name = LaunchScreen.storyboard;
			sourceTree = "<group>";
		};
/* End PBXVariantGroup section */

/* Begin XCBuildConfiguration section */
		E806FBC62645BE7C007686F1 /* Debug */ = {
			isa = XCBuildConfiguration;
			buildSettings = {
				ALWAYS_SEARCH_USER_PATHS = NO;
				CLANG_ANALYZER_NONNULL = YES;
				CLANG_ANALYZER_NUMBER_OBJECT_CONVERSION = YES_AGGRESSIVE;
				CLANG_CXX_LANGUAGE_STANDARD = "gnu++14";
				CLANG_CXX_LIBRARY = "libc++";
				CLANG_ENABLE_MODULES = YES;
				CLANG_ENABLE_OBJC_ARC = YES;
				CLANG_ENABLE_OBJC_WEAK = YES;
				CLANG_WARN_BLOCK_CAPTURE_AUTORELEASING = YES;
				CLANG_WARN_BOOL_CONVERSION = YES;
				CLANG_WARN_COMMA = YES;
				CLANG_WARN_CONSTANT_CONVERSION = YES;
				CLANG_WARN_DEPRECATED_OBJC_IMPLEMENTATIONS = YES;
				CLANG_WARN_DIRECT_OBJC_ISA_USAGE = YES_ERROR;
				CLANG_WARN_DOCUMENTATION_COMMENTS = YES;
				CLANG_WARN_EMPTY_BODY = YES;
				CLANG_WARN_ENUM_CONVERSION = YES;
				CLANG_WARN_INFINITE_RECURSION = YES;
				CLANG_WARN_INT_CONVERSION = YES;
				CLANG_WARN_NON_LITERAL_NULL_CONVERSION = YES;
				CLANG_WARN_OBJC_IMPLICIT_RETAIN_SELF = YES;
				CLANG_WARN_OBJC_LITERAL_CONVERSION = YES;
				CLANG_WARN_OBJC_ROOT_CLASS = YES_ERROR;
				CLANG_WARN_QUOTED_INCLUDE_IN_FRAMEWORK_HEADER = YES;
				CLANG_WARN_RANGE_LOOP_ANALYSIS = YES;
				CLANG_WARN_STRICT_PROTOTYPES = YES;
				CLANG_WARN_SUSPICIOUS_MOVE = YES;
				CLANG_WARN_UNGUARDED_AVAILABILITY = YES_AGGRESSIVE;
				CLANG_WARN_UNREACHABLE_CODE = YES;
				CLANG_WARN__DUPLICATE_METHOD_MATCH = YES;
				COPY_PHASE_STRIP = NO;
				DEBUG_INFORMATION_FORMAT = dwarf;
				ENABLE_STRICT_OBJC_MSGSEND = YES;
				ENABLE_TESTABILITY = YES;
				GCC_C_LANGUAGE_STANDARD = gnu11;
				GCC_DYNAMIC_NO_PIC = NO;
				GCC_NO_COMMON_BLOCKS = YES;
				GCC_OPTIMIZATION_LEVEL = 0;
				GCC_PREPROCESSOR_DEFINITIONS = (
					"DEBUG=1",
					"$(inherited)",
				);
				GCC_WARN_64_TO_32_BIT_CONVERSION = YES;
				GCC_WARN_ABOUT_RETURN_TYPE = YES_ERROR;
				GCC_WARN_UNDECLARED_SELECTOR = YES;
				GCC_WARN_UNINITIALIZED_AUTOS = YES_AGGRESSIVE;
				GCC_WARN_UNUSED_FUNCTION = YES;
				GCC_WARN_UNUSED_VARIABLE = YES;
				IPHONEOS_DEPLOYMENT_TARGET = 14.4;
				MTL_ENABLE_DEBUG_INFO = INCLUDE_SOURCE;
				MTL_FAST_MATH = YES;
				ONLY_ACTIVE_ARCH = YES;
				SDKROOT = iphoneos;
				SWIFT_ACTIVE_COMPILATION_CONDITIONS = DEBUG;
				SWIFT_OPTIMIZATION_LEVEL = "-Onone";
			};
			name = Debug;
		};
		E806FBC72645BE7C007686F1 /* Release */ = {
			isa = XCBuildConfiguration;
			buildSettings = {
				ALWAYS_SEARCH_USER_PATHS = NO;
				CLANG_ANALYZER_NONNULL = YES;
				CLANG_ANALYZER_NUMBER_OBJECT_CONVERSION = YES_AGGRESSIVE;
				CLANG_CXX_LANGUAGE_STANDARD = "gnu++14";
				CLANG_CXX_LIBRARY = "libc++";
				CLANG_ENABLE_MODULES = YES;
				CLANG_ENABLE_OBJC_ARC = YES;
				CLANG_ENABLE_OBJC_WEAK = YES;
				CLANG_WARN_BLOCK_CAPTURE_AUTORELEASING = YES;
				CLANG_WARN_BOOL_CONVERSION = YES;
				CLANG_WARN_COMMA = YES;
				CLANG_WARN_CONSTANT_CONVERSION = YES;
				CLANG_WARN_DEPRECATED_OBJC_IMPLEMENTATIONS = YES;
				CLANG_WARN_DIRECT_OBJC_ISA_USAGE = YES_ERROR;
				CLANG_WARN_DOCUMENTATION_COMMENTS = YES;
				CLANG_WARN_EMPTY_BODY = YES;
				CLANG_WARN_ENUM_CONVERSION = YES;
				CLANG_WARN_INFINITE_RECURSION = YES;
				CLANG_WARN_INT_CONVERSION = YES;
				CLANG_WARN_NON_LITERAL_NULL_CONVERSION = YES;
				CLANG_WARN_OBJC_IMPLICIT_RETAIN_SELF = YES;
				CLANG_WARN_OBJC_LITERAL_CONVERSION = YES;
				CLANG_WARN_OBJC_ROOT_CLASS = YES_ERROR;
				CLANG_WARN_QUOTED_INCLUDE_IN_FRAMEWORK_HEADER = YES;
				CLANG_WARN_RANGE_LOOP_ANALYSIS = YES;
				CLANG_WARN_STRICT_PROTOTYPES = YES;
				CLANG_WARN_SUSPICIOUS_MOVE = YES;
				CLANG_WARN_UNGUARDED_AVAILABILITY = YES_AGGRESSIVE;
				CLANG_WARN_UNREACHABLE_CODE = YES;
				CLANG_WARN__DUPLICATE_METHOD_MATCH = YES;
				COPY_PHASE_STRIP = NO;
				DEBUG_INFORMATION_FORMAT = "dwarf-with-dsym";
				ENABLE_NS_ASSERTIONS = NO;
				ENABLE_STRICT_OBJC_MSGSEND = YES;
				GCC_C_LANGUAGE_STANDARD = gnu11;
				GCC_NO_COMMON_BLOCKS = YES;
				GCC_WARN_64_TO_32_BIT_CONVERSION = YES;
				GCC_WARN_ABOUT_RETURN_TYPE = YES_ERROR;
				GCC_WARN_UNDECLARED_SELECTOR = YES;
				GCC_WARN_UNINITIALIZED_AUTOS = YES_AGGRESSIVE;
				GCC_WARN_UNUSED_FUNCTION = YES;
				GCC_WARN_UNUSED_VARIABLE = YES;
				IPHONEOS_DEPLOYMENT_TARGET = 14.4;
				MTL_ENABLE_DEBUG_INFO = NO;
				MTL_FAST_MATH = YES;
				SDKROOT = iphoneos;
				SWIFT_COMPILATION_MODE = wholemodule;
				SWIFT_OPTIMIZATION_LEVEL = "-O";
				VALIDATE_PRODUCT = YES;
			};
			name = Release;
		};
		E806FBC92645BE7C007686F1 /* Debug */ = {
			isa = XCBuildConfiguration;
			baseConfigurationReference = FD8CCF5CC062A08CABDBA50E /* Pods-Parstagram.debug.xcconfig */;
			buildSettings = {
				ASSETCATALOG_COMPILER_APPICON_NAME = AppIcon;
				ASSETCATALOG_COMPILER_GLOBAL_ACCENT_COLOR_NAME = AccentColor;
				CODE_SIGN_STYLE = Automatic;
				INFOPLIST_FILE = Parstagram/Info.plist;
				LD_RUNPATH_SEARCH_PATHS = (
					"$(inherited)",
					"@executable_path/Frameworks",
				);
				PRODUCT_BUNDLE_IDENTIFIER = "uffdaskid3-sbcglobal.net.Parstagram";
				PRODUCT_NAME = "$(TARGET_NAME)";
				SWIFT_VERSION = 5.0;
				TARGETED_DEVICE_FAMILY = "1,2";
			};
			name = Debug;
		};
		E806FBCA2645BE7C007686F1 /* Release */ = {
			isa = XCBuildConfiguration;
			baseConfigurationReference = 340152C807F848992F80EE1D /* Pods-Parstagram.release.xcconfig */;
			buildSettings = {
				ASSETCATALOG_COMPILER_APPICON_NAME = AppIcon;
				ASSETCATALOG_COMPILER_GLOBAL_ACCENT_COLOR_NAME = AccentColor;
				CODE_SIGN_STYLE = Automatic;
				INFOPLIST_FILE = Parstagram/Info.plist;
				LD_RUNPATH_SEARCH_PATHS = (
					"$(inherited)",
					"@executable_path/Frameworks",
				);
				PRODUCT_BUNDLE_IDENTIFIER = "uffdaskid3-sbcglobal.net.Parstagram";
				PRODUCT_NAME = "$(TARGET_NAME)";
				SWIFT_VERSION = 5.0;
				TARGETED_DEVICE_FAMILY = "1,2";
			};
			name = Release;
		};
		E806FBCC2645BE7C007686F1 /* Debug */ = {
			isa = XCBuildConfiguration;
			baseConfigurationReference = 4C650E5F7F8431A90EB2780C /* Pods-ParstagramTests.debug.xcconfig */;
			buildSettings = {
				ALWAYS_EMBED_SWIFT_STANDARD_LIBRARIES = YES;
				BUNDLE_LOADER = "$(TEST_HOST)";
				CODE_SIGN_STYLE = Automatic;
				INFOPLIST_FILE = ParstagramTests/Info.plist;
				IPHONEOS_DEPLOYMENT_TARGET = 14.4;
				LD_RUNPATH_SEARCH_PATHS = (
					"$(inherited)",
					"@executable_path/Frameworks",
					"@loader_path/Frameworks",
				);
				PRODUCT_BUNDLE_IDENTIFIER = "uffdaskid3-sbcglobal.net.ParstagramTests";
				PRODUCT_NAME = "$(TARGET_NAME)";
				SWIFT_VERSION = 5.0;
				TARGETED_DEVICE_FAMILY = "1,2";
				TEST_HOST = "$(BUILT_PRODUCTS_DIR)/Parstagram.app/Parstagram";
			};
			name = Debug;
		};
		E806FBCD2645BE7C007686F1 /* Release */ = {
			isa = XCBuildConfiguration;
			baseConfigurationReference = 90BA92C16E67C3FCCA97DFD8 /* Pods-ParstagramTests.release.xcconfig */;
			buildSettings = {
				ALWAYS_EMBED_SWIFT_STANDARD_LIBRARIES = YES;
				BUNDLE_LOADER = "$(TEST_HOST)";
				CODE_SIGN_STYLE = Automatic;
				INFOPLIST_FILE = ParstagramTests/Info.plist;
				IPHONEOS_DEPLOYMENT_TARGET = 14.4;
				LD_RUNPATH_SEARCH_PATHS = (
					"$(inherited)",
					"@executable_path/Frameworks",
					"@loader_path/Frameworks",
				);
				PRODUCT_BUNDLE_IDENTIFIER = "uffdaskid3-sbcglobal.net.ParstagramTests";
				PRODUCT_NAME = "$(TARGET_NAME)";
				SWIFT_VERSION = 5.0;
				TARGETED_DEVICE_FAMILY = "1,2";
				TEST_HOST = "$(BUILT_PRODUCTS_DIR)/Parstagram.app/Parstagram";
			};
			name = Release;
		};
		E806FBCF2645BE7C007686F1 /* Debug */ = {
			isa = XCBuildConfiguration;
			baseConfigurationReference = 3F7A4960E48A3CACD51F5F0F /* Pods-Parstagram-ParstagramUITests.debug.xcconfig */;
			buildSettings = {
				ALWAYS_EMBED_SWIFT_STANDARD_LIBRARIES = YES;
				CODE_SIGN_STYLE = Automatic;
				INFOPLIST_FILE = ParstagramUITests/Info.plist;
				LD_RUNPATH_SEARCH_PATHS = (
					"$(inherited)",
					"@executable_path/Frameworks",
					"@loader_path/Frameworks",
				);
				PRODUCT_BUNDLE_IDENTIFIER = "uffdaskid3-sbcglobal.net.ParstagramUITests";
				PRODUCT_NAME = "$(TARGET_NAME)";
				SWIFT_VERSION = 5.0;
				TARGETED_DEVICE_FAMILY = "1,2";
				TEST_TARGET_NAME = Parstagram;
			};
			name = Debug;
		};
		E806FBD02645BE7C007686F1 /* Release */ = {
			isa = XCBuildConfiguration;
			baseConfigurationReference = 4D82730730F72774406C4DDC /* Pods-Parstagram-ParstagramUITests.release.xcconfig */;
			buildSettings = {
				ALWAYS_EMBED_SWIFT_STANDARD_LIBRARIES = YES;
				CODE_SIGN_STYLE = Automatic;
				INFOPLIST_FILE = ParstagramUITests/Info.plist;
				LD_RUNPATH_SEARCH_PATHS = (
					"$(inherited)",
					"@executable_path/Frameworks",
					"@loader_path/Frameworks",
				);
				PRODUCT_BUNDLE_IDENTIFIER = "uffdaskid3-sbcglobal.net.ParstagramUITests";
				PRODUCT_NAME = "$(TARGET_NAME)";
				SWIFT_VERSION = 5.0;
				TARGETED_DEVICE_FAMILY = "1,2";
				TEST_TARGET_NAME = Parstagram;
			};
			name = Release;
		};
/* End XCBuildConfiguration section */

/* Begin XCConfigurationList section */
		E806FB992645BE79007686F1 /* Build configuration list for PBXProject "Parstagram" */ = {
			isa = XCConfigurationList;
			buildConfigurations = (
				E806FBC62645BE7C007686F1 /* Debug */,
				E806FBC72645BE7C007686F1 /* Release */,
			);
			defaultConfigurationIsVisible = 0;
			defaultConfigurationName = Release;
		};
		E806FBC82645BE7C007686F1 /* Build configuration list for PBXNativeTarget "Parstagram" */ = {
			isa = XCConfigurationList;
			buildConfigurations = (
				E806FBC92645BE7C007686F1 /* Debug */,
				E806FBCA2645BE7C007686F1 /* Release */,
			);
			defaultConfigurationIsVisible = 0;
			defaultConfigurationName = Release;
		};
		E806FBCB2645BE7C007686F1 /* Build configuration list for PBXNativeTarget "ParstagramTests" */ = {
			isa = XCConfigurationList;
			buildConfigurations = (
				E806FBCC2645BE7C007686F1 /* Debug */,
				E806FBCD2645BE7C007686F1 /* Release */,
			);
			defaultConfigurationIsVisible = 0;
			defaultConfigurationName = Release;
		};
		E806FBCE2645BE7C007686F1 /* Build configuration list for PBXNativeTarget "ParstagramUITests" */ = {
			isa = XCConfigurationList;
			buildConfigurations = (
				E806FBCF2645BE7C007686F1 /* Debug */,
				E806FBD02645BE7C007686F1 /* Release */,
			);
			defaultConfigurationIsVisible = 0;
			defaultConfigurationName = Release;
		};
/* End XCConfigurationList section */
	};
	rootObject = E806FB962645BE79007686F1 /* Project object */;
}
